
Microsoft Visual Studio Solution File, Format Version 12.00
# Visual Studio Version 16
VisualStudioVersion = 16.0.30413.136
MinimumVisualStudioVersion = 10.0.40219.1
Project("{FAE04EC0-301F-11D3-BF4B-00C04F79EFBC}") = "SelectionStatements", "SelectionStatements.csproj", "{38E63A17-E7F2-467C-AF00-7622E1510A2C}"
EndProject
Global
	GlobalSection(SolutionConfigurationPlatforms) = preSolution
		Debug|Any CPU = Debug|Any CPU
		Release|Any CPU = Release|Any CPU
	EndGlobalSection
	GlobalSection(ProjectConfigurationPlatforms) = postSolution
		{38E63A17-E7F2-467C-AF00-7622E1510A2C}.Debug|Any CPU.ActiveCfg = Debug|Any CPU
		{38E63A17-E7F2-467C-AF00-7622E1510A2C}.Debug|Any CPU.Build.0 = Debug|Any CPU
		{38E63A17-E7F2-467C-AF00-7622E1510A2C}.Release|Any CPU.ActiveCfg = Release|Any CPU
		{38E63A17-E7F2-467C-AF00-7622E1510A2C}.Release|Any CPU.Build.0 = Release|Any CPU
	EndGlobalSection
	GlobalSection(SolutionProperties) = preSolution
		HideSolutionNode = FALSE
	EndGlobalSection
	GlobalSection(ExtensibilityGlobals) = postSolution
		SolutionGuid = {D18CE11B-FD3B-4160-A1D1-CCA3A6974A89}
	EndGlobalSection
EndGlobal
